{
  "object": {
    "pins": [
      {
        "package": "WrappingHStack",
        "repositoryURL": "https://github.com/dkk/WrappingHStack",
        "state": {
          "branch": null,
          "revision": "3300e9e9107eba688fd5835ad4b8b2fda6d52997",
          "version": "1.1.0"
        }
      }
    ]
  },
  "version": 1
}
