{
  "object": {
    "pins": [
      {
        "package": "WrappingHStack",
        "repositoryURL": "https://github.com/dkk/WrappingHStack",
        "state": {
          "branch": null,
          "revision": "78bb1e291310987c47fcc8cb5dd66a2ca1403a1b",
          "version": "2.1.1"
        }
      }
    ]
  },
  "version": 1
}
