// !$*UTF8*$!
{
	archiveVersion = 1;
	classes = {
	};
	objectVersion = 52;
	objects = {

/* Begin PBXBuildFile section */
		9312284B26242F6500A14BC7 /* IoUtil.swift in Sources */ = {isa = PBXBuildFile; fileRef = 9312284A26242F6500A14BC7 /* IoUtil.swift */; };
		932D5BF6262F6273008CB148 /* NumberUtil.swift in Sources */ = {isa = PBXBuildFile; fileRef = 932D5BF5262F6273008CB148 /* NumberUtil.swift */; };
		932D5C032630623C008CB148 /* SpecializationList.swift in Sources */ = {isa = PBXBuildFile; fileRef = 932D5C022630623C008CB148 /* SpecializationList.swift */; };
		9353E89C261DA46D002F6E6D /* SpecializationViewModel.swift in Sources */ = {isa = PBXBuildFile; fileRef = 9353E89B261DA46D002F6E6D /* SpecializationViewModel.swift */; };
		9353E8A4261E4BF9002F6E6D /* Constant.swift in Sources */ = {isa = PBXBuildFile; fileRef = 9353E8A3261E4BF9002F6E6D /* Constant.swift */; };
		9353E8AC261E57EE002F6E6D /* SpecializationListItem.swift in Sources */ = {isa = PBXBuildFile; fileRef = 9353E8AB261E57EE002F6E6D /* SpecializationListItem.swift */; };
		9353E8B4261E58FF002F6E6D /* AsyncImage.swift in Sources */ = {isa = PBXBuildFile; fileRef = 9353E8B3261E58FF002F6E6D /* AsyncImage.swift */; };
		9353E8B9261E5B7B002F6E6D /* SpecializationDetail.swift in Sources */ = {isa = PBXBuildFile; fileRef = 9353E8B8261E5B7B002F6E6D /* SpecializationDetail.swift */; };
		9353E8CB261F347D002F6E6D /* Tier.swift in Sources */ = {isa = PBXBuildFile; fileRef = 9353E8CA261F347D002F6E6D /* Tier.swift */; };
		93A156842624C75E0070B820 /* FileUtil.swift in Sources */ = {isa = PBXBuildFile; fileRef = 93A156832624C75E0070B820 /* FileUtil.swift */; };
		93A1569A2624EB9C0070B820 /* Fab.swift in Sources */ = {isa = PBXBuildFile; fileRef = 93A156992624EB9C0070B820 /* Fab.swift */; };
		93A1569F2625E4750070B820 /* FilterView.swift in Sources */ = {isa = PBXBuildFile; fileRef = 93A1569E2625E4750070B820 /* FilterView.swift */; };
		93A156A726263B250070B820 /* SpecializationFilterSheet.swift in Sources */ = {isa = PBXBuildFile; fileRef = 93A156A626263B250070B820 /* SpecializationFilterSheet.swift */; };
		93A156AC26277C1F0070B820 /* TierFilterToggleButton.swift in Sources */ = {isa = PBXBuildFile; fileRef = 93A156AB26277C1F0070B820 /* TierFilterToggleButton.swift */; };
		93AB1278261CB0B7009F75B5 /* Colors.xcassets in Resources */ = {isa = PBXBuildFile; fileRef = 93AB1277261CB0B7009F75B5 /* Colors.xcassets */; };
		93AB127E261CB276009F75B5 /* ColorUtil.swift in Sources */ = {isa = PBXBuildFile; fileRef = 93AB127D261CB276009F75B5 /* ColorUtil.swift */; };
		93AB128B261CF61C009F75B5 /* ContainerView.swift in Sources */ = {isa = PBXBuildFile; fileRef = 93AB128A261CF61C009F75B5 /* ContainerView.swift */; };
		93AB1293261D0154009F75B5 /* CardStyle.swift in Sources */ = {isa = PBXBuildFile; fileRef = 93AB1292261D0154009F75B5 /* CardStyle.swift */; };
		93AB12BA261D917C009F75B5 /* Specialization.swift in Sources */ = {isa = PBXBuildFile; fileRef = 93AB12B9261D917C009F75B5 /* Specialization.swift */; };
		93ABEE302621031600D6ED88 /* DarkStatusBar.swift in Sources */ = {isa = PBXBuildFile; fileRef = 93ABEE2F2621031600D6ED88 /* DarkStatusBar.swift */; };
		93D3B17726233BC4002F9935 /* HideView.swift in Sources */ = {isa = PBXBuildFile; fileRef = 93D3B17626233BC4002F9935 /* HideView.swift */; };
		93D3B17D26236D01002F9935 /* WrappingHStack in Frameworks */ = {isa = PBXBuildFile; productRef = 93D3B17C26236D01002F9935 /* WrappingHStack */; };
		93DB572126285ED200FB2422 /* ArrayUtil.swift in Sources */ = {isa = PBXBuildFile; fileRef = 93DB572026285ED200FB2422 /* ArrayUtil.swift */; };
		93DB57412628C86600FB2422 /* SheetHeight.swift in Sources */ = {isa = PBXBuildFile; fileRef = 93DB57402628C86600FB2422 /* SheetHeight.swift */; };
		93EE05DA261B569900E36184 /* ornacompanionApp.swift in Sources */ = {isa = PBXBuildFile; fileRef = 93EE05D9261B569900E36184 /* ornacompanionApp.swift */; };
		93EE05DC261B569900E36184 /* ContentView.swift in Sources */ = {isa = PBXBuildFile; fileRef = 93EE05DB261B569900E36184 /* ContentView.swift */; };
		93EE05DE261B569B00E36184 /* Assets.xcassets in Resources */ = {isa = PBXBuildFile; fileRef = 93EE05DD261B569B00E36184 /* Assets.xcassets */; };
		93EE05E1261B569B00E36184 /* Preview Assets.xcassets in Resources */ = {isa = PBXBuildFile; fileRef = 93EE05E0261B569B00E36184 /* Preview Assets.xcassets */; };
		93EE05EC261B569B00E36184 /* ornacompanionTests.swift in Sources */ = {isa = PBXBuildFile; fileRef = 93EE05EB261B569B00E36184 /* ornacompanionTests.swift */; };
		93EE05F7261B569B00E36184 /* ornacompanionUITests.swift in Sources */ = {isa = PBXBuildFile; fileRef = 93EE05F6261B569B00E36184 /* ornacompanionUITests.swift */; };
		93EE0693261BA4DD00E36184 /* Discover.swift in Sources */ = {isa = PBXBuildFile; fileRef = 93EE0692261BA4DD00E36184 /* Discover.swift */; };
		93EE06A2261BA98400E36184 /* Search.swift in Sources */ = {isa = PBXBuildFile; fileRef = 93EE06A1261BA98400E36184 /* Search.swift */; };
		93EE06AA261BA98C00E36184 /* Saved.swift in Sources */ = {isa = PBXBuildFile; fileRef = 93EE06A9261BA98C00E36184 /* Saved.swift */; };
		93EE06AF261BA99000E36184 /* Settings.swift in Sources */ = {isa = PBXBuildFile; fileRef = 93EE06AE261BA99000E36184 /* Settings.swift */; };
		93EE06B4261BA99400E36184 /* Guides.swift in Sources */ = {isa = PBXBuildFile; fileRef = 93EE06B3261BA99400E36184 /* Guides.swift */; };
		93EE06CF261BB00800E36184 /* DiscoverItem.swift in Sources */ = {isa = PBXBuildFile; fileRef = 93EE06CE261BB00800E36184 /* DiscoverItem.swift */; };
/* End PBXBuildFile section */

/* Begin PBXContainerItemProxy section */
		93EE05E8261B569B00E36184 /* PBXContainerItemProxy */ = {
			isa = PBXContainerItemProxy;
			containerPortal = 93EE05CE261B569900E36184 /* Project object */;
			proxyType = 1;
			remoteGlobalIDString = 93EE05D5261B569900E36184;
			remoteInfo = ornacompanion;
		};
		93EE05F3261B569B00E36184 /* PBXContainerItemProxy */ = {
			isa = PBXContainerItemProxy;
			containerPortal = 93EE05CE261B569900E36184 /* Project object */;
			proxyType = 1;
			remoteGlobalIDString = 93EE05D5261B569900E36184;
			remoteInfo = ornacompanion;
		};
/* End PBXContainerItemProxy section */

/* Begin PBXFileReference section */
		9312284A26242F6500A14BC7 /* IoUtil.swift */ = {isa = PBXFileReference; lastKnownFileType = sourcecode.swift; path = IoUtil.swift; sourceTree = "<group>"; };
		932D5BF5262F6273008CB148 /* NumberUtil.swift */ = {isa = PBXFileReference; lastKnownFileType = sourcecode.swift; path = NumberUtil.swift; sourceTree = "<group>"; };
		932D5C022630623C008CB148 /* SpecializationList.swift */ = {isa = PBXFileReference; fileEncoding = 4; lastKnownFileType = sourcecode.swift; name = SpecializationList.swift; path = ornacompanion/Specialization/View/SpecializationList.swift; sourceTree = SOURCE_ROOT; };
		9353E89B261DA46D002F6E6D /* SpecializationViewModel.swift */ = {isa = PBXFileReference; lastKnownFileType = sourcecode.swift; path = SpecializationViewModel.swift; sourceTree = "<group>"; };
		9353E8A3261E4BF9002F6E6D /* Constant.swift */ = {isa = PBXFileReference; lastKnownFileType = sourcecode.swift; path = Constant.swift; sourceTree = "<group>"; };
		9353E8AB261E57EE002F6E6D /* SpecializationListItem.swift */ = {isa = PBXFileReference; fileEncoding = 4; lastKnownFileType = sourcecode.swift; path = SpecializationListItem.swift; sourceTree = "<group>"; };
		9353E8B3261E58FF002F6E6D /* AsyncImage.swift */ = {isa = PBXFileReference; lastKnownFileType = sourcecode.swift; path = AsyncImage.swift; sourceTree = "<group>"; };
		9353E8B8261E5B7B002F6E6D /* SpecializationDetail.swift */ = {isa = PBXFileReference; lastKnownFileType = sourcecode.swift; path = SpecializationDetail.swift; sourceTree = "<group>"; };
		9353E8CA261F347D002F6E6D /* Tier.swift */ = {isa = PBXFileReference; lastKnownFileType = sourcecode.swift; path = Tier.swift; sourceTree = "<group>"; };
		93A156832624C75E0070B820 /* FileUtil.swift */ = {isa = PBXFileReference; lastKnownFileType = sourcecode.swift; path = FileUtil.swift; sourceTree = "<group>"; };
		93A156992624EB9C0070B820 /* Fab.swift */ = {isa = PBXFileReference; lastKnownFileType = sourcecode.swift; path = Fab.swift; sourceTree = "<group>"; };
		93A1569E2625E4750070B820 /* FilterView.swift */ = {isa = PBXFileReference; lastKnownFileType = sourcecode.swift; path = FilterView.swift; sourceTree = "<group>"; };
		93A156A626263B250070B820 /* SpecializationFilterSheet.swift */ = {isa = PBXFileReference; lastKnownFileType = sourcecode.swift; path = SpecializationFilterSheet.swift; sourceTree = "<group>"; };
		93A156AB26277C1F0070B820 /* TierFilterToggleButton.swift */ = {isa = PBXFileReference; lastKnownFileType = sourcecode.swift; path = TierFilterToggleButton.swift; sourceTree = "<group>"; };
		93AB1277261CB0B7009F75B5 /* Colors.xcassets */ = {isa = PBXFileReference; lastKnownFileType = folder.assetcatalog; path = Colors.xcassets; sourceTree = "<group>"; };
		93AB127D261CB276009F75B5 /* ColorUtil.swift */ = {isa = PBXFileReference; lastKnownFileType = sourcecode.swift; path = ColorUtil.swift; sourceTree = "<group>"; };
		93AB128A261CF61C009F75B5 /* ContainerView.swift */ = {isa = PBXFileReference; lastKnownFileType = sourcecode.swift; path = ContainerView.swift; sourceTree = "<group>"; };
		93AB1292261D0154009F75B5 /* CardStyle.swift */ = {isa = PBXFileReference; lastKnownFileType = sourcecode.swift; path = CardStyle.swift; sourceTree = "<group>"; };
		93AB12B9261D917C009F75B5 /* Specialization.swift */ = {isa = PBXFileReference; lastKnownFileType = sourcecode.swift; path = Specialization.swift; sourceTree = "<group>"; };
		93ABEE2F2621031600D6ED88 /* DarkStatusBar.swift */ = {isa = PBXFileReference; lastKnownFileType = sourcecode.swift; path = DarkStatusBar.swift; sourceTree = "<group>"; };
		93D3B17626233BC4002F9935 /* HideView.swift */ = {isa = PBXFileReference; lastKnownFileType = sourcecode.swift; path = HideView.swift; sourceTree = "<group>"; };
		93DB572026285ED200FB2422 /* ArrayUtil.swift */ = {isa = PBXFileReference; lastKnownFileType = sourcecode.swift; path = ArrayUtil.swift; sourceTree = "<group>"; };
		93DB57402628C86600FB2422 /* SheetHeight.swift */ = {isa = PBXFileReference; lastKnownFileType = sourcecode.swift; path = SheetHeight.swift; sourceTree = "<group>"; };
		93EE05D6261B569900E36184 /* ornacompanion.app */ = {isa = PBXFileReference; explicitFileType = wrapper.application; includeInIndex = 0; path = ornacompanion.app; sourceTree = BUILT_PRODUCTS_DIR; };
		93EE05D9261B569900E36184 /* ornacompanionApp.swift */ = {isa = PBXFileReference; lastKnownFileType = sourcecode.swift; path = ornacompanionApp.swift; sourceTree = "<group>"; };
		93EE05DB261B569900E36184 /* ContentView.swift */ = {isa = PBXFileReference; lastKnownFileType = sourcecode.swift; path = ContentView.swift; sourceTree = "<group>"; };
		93EE05DD261B569B00E36184 /* Assets.xcassets */ = {isa = PBXFileReference; lastKnownFileType = folder.assetcatalog; path = Assets.xcassets; sourceTree = "<group>"; };
		93EE05E0261B569B00E36184 /* Preview Assets.xcassets */ = {isa = PBXFileReference; lastKnownFileType = folder.assetcatalog; path = "Preview Assets.xcassets"; sourceTree = "<group>"; };
		93EE05E2261B569B00E36184 /* Info.plist */ = {isa = PBXFileReference; lastKnownFileType = text.plist.xml; path = Info.plist; sourceTree = "<group>"; };
		93EE05E7261B569B00E36184 /* ornacompanionTests.xctest */ = {isa = PBXFileReference; explicitFileType = wrapper.cfbundle; includeInIndex = 0; path = ornacompanionTests.xctest; sourceTree = BUILT_PRODUCTS_DIR; };
		93EE05EB261B569B00E36184 /* ornacompanionTests.swift */ = {isa = PBXFileReference; lastKnownFileType = sourcecode.swift; path = ornacompanionTests.swift; sourceTree = "<group>"; };
		93EE05ED261B569B00E36184 /* Info.plist */ = {isa = PBXFileReference; lastKnownFileType = text.plist.xml; path = Info.plist; sourceTree = "<group>"; };
		93EE05F2261B569B00E36184 /* ornacompanionUITests.xctest */ = {isa = PBXFileReference; explicitFileType = wrapper.cfbundle; includeInIndex = 0; path = ornacompanionUITests.xctest; sourceTree = BUILT_PRODUCTS_DIR; };
		93EE05F6261B569B00E36184 /* ornacompanionUITests.swift */ = {isa = PBXFileReference; lastKnownFileType = sourcecode.swift; path = ornacompanionUITests.swift; sourceTree = "<group>"; };
		93EE05F8261B569B00E36184 /* Info.plist */ = {isa = PBXFileReference; lastKnownFileType = text.plist.xml; path = Info.plist; sourceTree = "<group>"; };
		93EE0692261BA4DD00E36184 /* Discover.swift */ = {isa = PBXFileReference; lastKnownFileType = sourcecode.swift; path = Discover.swift; sourceTree = "<group>"; };
		93EE06A1261BA98400E36184 /* Search.swift */ = {isa = PBXFileReference; lastKnownFileType = sourcecode.swift; path = Search.swift; sourceTree = "<group>"; };
		93EE06A9261BA98C00E36184 /* Saved.swift */ = {isa = PBXFileReference; lastKnownFileType = sourcecode.swift; path = Saved.swift; sourceTree = "<group>"; };
		93EE06AE261BA99000E36184 /* Settings.swift */ = {isa = PBXFileReference; lastKnownFileType = sourcecode.swift; path = Settings.swift; sourceTree = "<group>"; };
		93EE06B3261BA99400E36184 /* Guides.swift */ = {isa = PBXFileReference; lastKnownFileType = sourcecode.swift; path = Guides.swift; sourceTree = "<group>"; };
		93EE06CE261BB00800E36184 /* DiscoverItem.swift */ = {isa = PBXFileReference; lastKnownFileType = sourcecode.swift; path = DiscoverItem.swift; sourceTree = "<group>"; };
/* End PBXFileReference section */

/* Begin PBXFrameworksBuildPhase section */
		93EE05D3261B569900E36184 /* Frameworks */ = {
			isa = PBXFrameworksBuildPhase;
			buildActionMask = 2147483647;
			files = (
				93D3B17D26236D01002F9935 /* WrappingHStack in Frameworks */,
			);
			runOnlyForDeploymentPostprocessing = 0;
		};
		93EE05E4261B569B00E36184 /* Frameworks */ = {
			isa = PBXFrameworksBuildPhase;
			buildActionMask = 2147483647;
			files = (
			);
			runOnlyForDeploymentPostprocessing = 0;
		};
		93EE05EF261B569B00E36184 /* Frameworks */ = {
			isa = PBXFrameworksBuildPhase;
			buildActionMask = 2147483647;
			files = (
			);
			runOnlyForDeploymentPostprocessing = 0;
		};
/* End PBXFrameworksBuildPhase section */

/* Begin PBXGroup section */
		932D5BFA26306112008CB148 /* Specialization */ = {
			isa = PBXGroup;
			children = (
				93EE0689261B83D900E36184 /* Model */,
				93AB12BE261D929C009F75B5 /* View */,
				9353E89A261DA45D002F6E6D /* ViewModel */,
			);
			path = Specialization;
			sourceTree = "<group>";
		};
		932D5BFE2630615A008CB148 /* Shared */ = {
			isa = PBXGroup;
			children = (
				93EE05DD261B569B00E36184 /* Assets.xcassets */,
				93AB1277261CB0B7009F75B5 /* Colors.xcassets */,
				93EE05E2261B569B00E36184 /* Info.plist */,
				93EE068A261B83DD00E36184 /* View */,
				93AB127C261CB26C009F75B5 /* Utils */,
			);
			path = Shared;
			sourceTree = "<group>";
		};
		9353E89A261DA45D002F6E6D /* ViewModel */ = {
			isa = PBXGroup;
			children = (
				9353E89B261DA46D002F6E6D /* SpecializationViewModel.swift */,
			);
			path = ViewModel;
			sourceTree = "<group>";
		};
		9353E8C9261F345D002F6E6D /* Helpers */ = {
			isa = PBXGroup;
			children = (
				93AB1292261D0154009F75B5 /* CardStyle.swift */,
				93AB128A261CF61C009F75B5 /* ContainerView.swift */,
				9353E8B3261E58FF002F6E6D /* AsyncImage.swift */,
				9353E8CA261F347D002F6E6D /* Tier.swift */,
				93ABEE2F2621031600D6ED88 /* DarkStatusBar.swift */,
				93D3B17626233BC4002F9935 /* HideView.swift */,
				93A156992624EB9C0070B820 /* Fab.swift */,
				93A1569E2625E4750070B820 /* FilterView.swift */,
				93A156AB26277C1F0070B820 /* TierFilterToggleButton.swift */,
				93DB57402628C86600FB2422 /* SheetHeight.swift */,
			);
			path = Helpers;
			sourceTree = "<group>";
		};
		93AB127C261CB26C009F75B5 /* Utils */ = {
			isa = PBXGroup;
			children = (
				93AB127D261CB276009F75B5 /* ColorUtil.swift */,
				9353E8A3261E4BF9002F6E6D /* Constant.swift */,
				9312284A26242F6500A14BC7 /* IoUtil.swift */,
				93A156832624C75E0070B820 /* FileUtil.swift */,
				93DB572026285ED200FB2422 /* ArrayUtil.swift */,
				932D5BF5262F6273008CB148 /* NumberUtil.swift */,
			);
			path = Utils;
			sourceTree = "<group>";
		};
		93AB12BE261D929C009F75B5 /* View */ = {
			isa = PBXGroup;
			children = (
				932D5C022630623C008CB148 /* SpecializationList.swift */,
				9353E8AB261E57EE002F6E6D /* SpecializationListItem.swift */,
				9353E8B8261E5B7B002F6E6D /* SpecializationDetail.swift */,
				93A156A626263B250070B820 /* SpecializationFilterSheet.swift */,
			);
			path = View;
			sourceTree = "<group>";
		};
		93EE05CD261B569900E36184 = {
			isa = PBXGroup;
			children = (
				93EE05D8261B569900E36184 /* ornacompanion */,
				93EE05EA261B569B00E36184 /* ornacompanionTests */,
				93EE05F5261B569B00E36184 /* ornacompanionUITests */,
				93EE05D7261B569900E36184 /* Products */,
			);
			sourceTree = "<group>";
		};
		93EE05D7261B569900E36184 /* Products */ = {
			isa = PBXGroup;
			children = (
				93EE05D6261B569900E36184 /* ornacompanion.app */,
				93EE05E7261B569B00E36184 /* ornacompanionTests.xctest */,
				93EE05F2261B569B00E36184 /* ornacompanionUITests.xctest */,
			);
			name = Products;
			sourceTree = "<group>";
		};
		93EE05D8261B569900E36184 /* ornacompanion */ = {
			isa = PBXGroup;
			children = (
				932D5BFE2630615A008CB148 /* Shared */,
				932D5BFA26306112008CB148 /* Specialization */,
				93EE05D9261B569900E36184 /* ornacompanionApp.swift */,
				93EE05DF261B569B00E36184 /* Preview Content */,
			);
			path = ornacompanion;
			sourceTree = "<group>";
		};
		93EE05DF261B569B00E36184 /* Preview Content */ = {
			isa = PBXGroup;
			children = (
				93EE05E0261B569B00E36184 /* Preview Assets.xcassets */,
			);
			path = "Preview Content";
			sourceTree = "<group>";
		};
		93EE05EA261B569B00E36184 /* ornacompanionTests */ = {
			isa = PBXGroup;
			children = (
				93EE05EB261B569B00E36184 /* ornacompanionTests.swift */,
				93EE05ED261B569B00E36184 /* Info.plist */,
			);
			path = ornacompanionTests;
			sourceTree = "<group>";
		};
		93EE05F5261B569B00E36184 /* ornacompanionUITests */ = {
			isa = PBXGroup;
			children = (
				93EE05F6261B569B00E36184 /* ornacompanionUITests.swift */,
				93EE05F8261B569B00E36184 /* Info.plist */,
			);
			path = ornacompanionUITests;
			sourceTree = "<group>";
		};
		93EE0689261B83D900E36184 /* Model */ = {
			isa = PBXGroup;
			children = (
				93AB12B9261D917C009F75B5 /* Specialization.swift */,
			);
			path = Model;
			sourceTree = "<group>";
		};
		93EE068A261B83DD00E36184 /* View */ = {
			isa = PBXGroup;
			children = (
				9353E8C9261F345D002F6E6D /* Helpers */,
				93EE06A0261BA97300E36184 /* Guides */,
				93EE069F261BA96F00E36184 /* Settings */,
				93EE069E261BA96D00E36184 /* Saved */,
				93EE069D261BA96A00E36184 /* Search */,
				93EE0691261BA4CF00E36184 /* Discover */,
				93EE05DB261B569900E36184 /* ContentView.swift */,
			);
			path = View;
			sourceTree = "<group>";
		};
		93EE0691261BA4CF00E36184 /* Discover */ = {
			isa = PBXGroup;
			children = (
				93EE0692261BA4DD00E36184 /* Discover.swift */,
				93EE06CE261BB00800E36184 /* DiscoverItem.swift */,
			);
			path = Discover;
			sourceTree = "<group>";
		};
		93EE069D261BA96A00E36184 /* Search */ = {
			isa = PBXGroup;
			children = (
				93EE06A1261BA98400E36184 /* Search.swift */,
			);
			path = Search;
			sourceTree = "<group>";
		};
		93EE069E261BA96D00E36184 /* Saved */ = {
			isa = PBXGroup;
			children = (
				93EE06A9261BA98C00E36184 /* Saved.swift */,
			);
			path = Saved;
			sourceTree = "<group>";
		};
		93EE069F261BA96F00E36184 /* Settings */ = {
			isa = PBXGroup;
			children = (
				93EE06AE261BA99000E36184 /* Settings.swift */,
			);
			path = Settings;
			sourceTree = "<group>";
		};
		93EE06A0261BA97300E36184 /* Guides */ = {
			isa = PBXGroup;
			children = (
				93EE06B3261BA99400E36184 /* Guides.swift */,
			);
			path = Guides;
			sourceTree = "<group>";
		};
/* End PBXGroup section */

/* Begin PBXNativeTarget section */
		93EE05D5261B569900E36184 /* ornacompanion */ = {
			isa = PBXNativeTarget;
			buildConfigurationList = 93EE05FB261B569B00E36184 /* Build configuration list for PBXNativeTarget "ornacompanion" */;
			buildPhases = (
				93EE05D2261B569900E36184 /* Sources */,
				93EE05D3261B569900E36184 /* Frameworks */,
				93EE05D4261B569900E36184 /* Resources */,
			);
			buildRules = (
			);
			dependencies = (
			);
			name = ornacompanion;
			packageProductDependencies = (
				93D3B17C26236D01002F9935 /* WrappingHStack */,
			);
			productName = ornacompanion;
			productReference = 93EE05D6261B569900E36184 /* ornacompanion.app */;
			productType = "com.apple.product-type.application";
		};
		93EE05E6261B569B00E36184 /* ornacompanionTests */ = {
			isa = PBXNativeTarget;
			buildConfigurationList = 93EE05FE261B569B00E36184 /* Build configuration list for PBXNativeTarget "ornacompanionTests" */;
			buildPhases = (
				93EE05E3261B569B00E36184 /* Sources */,
				93EE05E4261B569B00E36184 /* Frameworks */,
				93EE05E5261B569B00E36184 /* Resources */,
			);
			buildRules = (
			);
			dependencies = (
				93EE05E9261B569B00E36184 /* PBXTargetDependency */,
			);
			name = ornacompanionTests;
			productName = ornacompanionTests;
			productReference = 93EE05E7261B569B00E36184 /* ornacompanionTests.xctest */;
			productType = "com.apple.product-type.bundle.unit-test";
		};
		93EE05F1261B569B00E36184 /* ornacompanionUITests */ = {
			isa = PBXNativeTarget;
			buildConfigurationList = 93EE0601261B569B00E36184 /* Build configuration list for PBXNativeTarget "ornacompanionUITests" */;
			buildPhases = (
				93EE05EE261B569B00E36184 /* Sources */,
				93EE05EF261B569B00E36184 /* Frameworks */,
				93EE05F0261B569B00E36184 /* Resources */,
			);
			buildRules = (
			);
			dependencies = (
				93EE05F4261B569B00E36184 /* PBXTargetDependency */,
			);
			name = ornacompanionUITests;
			productName = ornacompanionUITests;
			productReference = 93EE05F2261B569B00E36184 /* ornacompanionUITests.xctest */;
			productType = "com.apple.product-type.bundle.ui-testing";
		};
/* End PBXNativeTarget section */

/* Begin PBXProject section */
		93EE05CE261B569900E36184 /* Project object */ = {
			isa = PBXProject;
			attributes = {
				LastSwiftUpdateCheck = 1240;
				LastUpgradeCheck = 1240;
				TargetAttributes = {
					93EE05D5261B569900E36184 = {
						CreatedOnToolsVersion = 12.4;
					};
					93EE05E6261B569B00E36184 = {
						CreatedOnToolsVersion = 12.4;
						TestTargetID = 93EE05D5261B569900E36184;
					};
					93EE05F1261B569B00E36184 = {
						CreatedOnToolsVersion = 12.4;
						TestTargetID = 93EE05D5261B569900E36184;
					};
				};
			};
			buildConfigurationList = 93EE05D1261B569900E36184 /* Build configuration list for PBXProject "ornacompanion" */;
			compatibilityVersion = "Xcode 9.3";
			developmentRegion = en;
			hasScannedForEncodings = 0;
			knownRegions = (
				en,
				Base,
			);
			mainGroup = 93EE05CD261B569900E36184;
			packageReferences = (
				93D3B17B26236D01002F9935 /* XCRemoteSwiftPackageReference "WrappingHStack" */,
			);
			productRefGroup = 93EE05D7261B569900E36184 /* Products */;
			projectDirPath = "";
			projectRoot = "";
			targets = (
				93EE05D5261B569900E36184 /* ornacompanion */,
				93EE05E6261B569B00E36184 /* ornacompanionTests */,
				93EE05F1261B569B00E36184 /* ornacompanionUITests */,
			);
		};
/* End PBXProject section */

/* Begin PBXResourcesBuildPhase section */
		93EE05D4261B569900E36184 /* Resources */ = {
			isa = PBXResourcesBuildPhase;
			buildActionMask = 2147483647;
			files = (
				93AB1278261CB0B7009F75B5 /* Colors.xcassets in Resources */,
				93EE05E1261B569B00E36184 /* Preview Assets.xcassets in Resources */,
				93EE05DE261B569B00E36184 /* Assets.xcassets in Resources */,
			);
			runOnlyForDeploymentPostprocessing = 0;
		};
		93EE05E5261B569B00E36184 /* Resources */ = {
			isa = PBXResourcesBuildPhase;
			buildActionMask = 2147483647;
			files = (
			);
			runOnlyForDeploymentPostprocessing = 0;
		};
		93EE05F0261B569B00E36184 /* Resources */ = {
			isa = PBXResourcesBuildPhase;
			buildActionMask = 2147483647;
			files = (
			);
			runOnlyForDeploymentPostprocessing = 0;
		};
/* End PBXResourcesBuildPhase section */

/* Begin PBXSourcesBuildPhase section */
		93EE05D2261B569900E36184 /* Sources */ = {
			isa = PBXSourcesBuildPhase;
			buildActionMask = 2147483647;
			files = (
				93A156A726263B250070B820 /* SpecializationFilterSheet.swift in Sources */,
				9353E8B4261E58FF002F6E6D /* AsyncImage.swift in Sources */,
				9353E8CB261F347D002F6E6D /* Tier.swift in Sources */,
				9353E8AC261E57EE002F6E6D /* SpecializationListItem.swift in Sources */,
				932D5C032630623C008CB148 /* SpecializationList.swift in Sources */,
				93AB127E261CB276009F75B5 /* ColorUtil.swift in Sources */,
				93A156842624C75E0070B820 /* FileUtil.swift in Sources */,
				93EE06AF261BA99000E36184 /* Settings.swift in Sources */,
				93EE05DC261B569900E36184 /* ContentView.swift in Sources */,
				93EE06A2261BA98400E36184 /* Search.swift in Sources */,
				93A1569F2625E4750070B820 /* FilterView.swift in Sources */,
				9353E89C261DA46D002F6E6D /* SpecializationViewModel.swift in Sources */,
				93DB572126285ED200FB2422 /* ArrayUtil.swift in Sources */,
				93EE06CF261BB00800E36184 /* DiscoverItem.swift in Sources */,
				93EE05DA261B569900E36184 /* ornacompanionApp.swift in Sources */,
				932D5BF6262F6273008CB148 /* NumberUtil.swift in Sources */,
				93D3B17726233BC4002F9935 /* HideView.swift in Sources */,
				93AB1293261D0154009F75B5 /* CardStyle.swift in Sources */,
				93A156AC26277C1F0070B820 /* TierFilterToggleButton.swift in Sources */,
				93EE0693261BA4DD00E36184 /* Discover.swift in Sources */,
				93AB12BA261D917C009F75B5 /* Specialization.swift in Sources */,
				93AB128B261CF61C009F75B5 /* ContainerView.swift in Sources */,
				93EE06B4261BA99400E36184 /* Guides.swift in Sources */,
				9353E8B9261E5B7B002F6E6D /* SpecializationDetail.swift in Sources */,
				93A1569A2624EB9C0070B820 /* Fab.swift in Sources */,
				93ABEE302621031600D6ED88 /* DarkStatusBar.swift in Sources */,
				93EE06AA261BA98C00E36184 /* Saved.swift in Sources */,
				9353E8A4261E4BF9002F6E6D /* Constant.swift in Sources */,
				93DB57412628C86600FB2422 /* SheetHeight.swift in Sources */,
				9312284B26242F6500A14BC7 /* IoUtil.swift in Sources */,
			);
			runOnlyForDeploymentPostprocessing = 0;
		};
		93EE05E3261B569B00E36184 /* Sources */ = {
			isa = PBXSourcesBuildPhase;
			buildActionMask = 2147483647;
			files = (
				93EE05EC261B569B00E36184 /* ornacompanionTests.swift in Sources */,
			);
			runOnlyForDeploymentPostprocessing = 0;
		};
		93EE05EE261B569B00E36184 /* Sources */ = {
			isa = PBXSourcesBuildPhase;
			buildActionMask = 2147483647;
			files = (
				93EE05F7261B569B00E36184 /* ornacompanionUITests.swift in Sources */,
			);
			runOnlyForDeploymentPostprocessing = 0;
		};
/* End PBXSourcesBuildPhase section */

/* Begin PBXTargetDependency section */
		93EE05E9261B569B00E36184 /* PBXTargetDependency */ = {
			isa = PBXTargetDependency;
			target = 93EE05D5261B569900E36184 /* ornacompanion */;
			targetProxy = 93EE05E8261B569B00E36184 /* PBXContainerItemProxy */;
		};
		93EE05F4261B569B00E36184 /* PBXTargetDependency */ = {
			isa = PBXTargetDependency;
			target = 93EE05D5261B569900E36184 /* ornacompanion */;
			targetProxy = 93EE05F3261B569B00E36184 /* PBXContainerItemProxy */;
		};
/* End PBXTargetDependency section */

/* Begin XCBuildConfiguration section */
		93EE05F9261B569B00E36184 /* Debug */ = {
			isa = XCBuildConfiguration;
			buildSettings = {
				ALWAYS_SEARCH_USER_PATHS = NO;
				CLANG_ANALYZER_NONNULL = YES;
				CLANG_ANALYZER_NUMBER_OBJECT_CONVERSION = YES_AGGRESSIVE;
				CLANG_CXX_LANGUAGE_STANDARD = "gnu++14";
				CLANG_CXX_LIBRARY = "libc++";
				CLANG_ENABLE_MODULES = YES;
				CLANG_ENABLE_OBJC_ARC = YES;
				CLANG_ENABLE_OBJC_WEAK = YES;
				CLANG_WARN_BLOCK_CAPTURE_AUTORELEASING = YES;
				CLANG_WARN_BOOL_CONVERSION = YES;
				CLANG_WARN_COMMA = YES;
				CLANG_WARN_CONSTANT_CONVERSION = YES;
				CLANG_WARN_DEPRECATED_OBJC_IMPLEMENTATIONS = YES;
				CLANG_WARN_DIRECT_OBJC_ISA_USAGE = YES_ERROR;
				CLANG_WARN_DOCUMENTATION_COMMENTS = YES;
				CLANG_WARN_EMPTY_BODY = YES;
				CLANG_WARN_ENUM_CONVERSION = YES;
				CLANG_WARN_INFINITE_RECURSION = YES;
				CLANG_WARN_INT_CONVERSION = YES;
				CLANG_WARN_NON_LITERAL_NULL_CONVERSION = YES;
				CLANG_WARN_OBJC_IMPLICIT_RETAIN_SELF = YES;
				CLANG_WARN_OBJC_LITERAL_CONVERSION = YES;
				CLANG_WARN_OBJC_ROOT_CLASS = YES_ERROR;
				CLANG_WARN_QUOTED_INCLUDE_IN_FRAMEWORK_HEADER = YES;
				CLANG_WARN_RANGE_LOOP_ANALYSIS = YES;
				CLANG_WARN_STRICT_PROTOTYPES = YES;
				CLANG_WARN_SUSPICIOUS_MOVE = YES;
				CLANG_WARN_UNGUARDED_AVAILABILITY = YES_AGGRESSIVE;
				CLANG_WARN_UNREACHABLE_CODE = YES;
				CLANG_WARN__DUPLICATE_METHOD_MATCH = YES;
				COPY_PHASE_STRIP = NO;
				DEBUG_INFORMATION_FORMAT = dwarf;
				ENABLE_STRICT_OBJC_MSGSEND = YES;
				ENABLE_TESTABILITY = YES;
				GCC_C_LANGUAGE_STANDARD = gnu11;
				GCC_DYNAMIC_NO_PIC = NO;
				GCC_NO_COMMON_BLOCKS = YES;
				GCC_OPTIMIZATION_LEVEL = 0;
				GCC_PREPROCESSOR_DEFINITIONS = (
					"DEBUG=1",
					"$(inherited)",
				);
				GCC_WARN_64_TO_32_BIT_CONVERSION = YES;
				GCC_WARN_ABOUT_RETURN_TYPE = YES_ERROR;
				GCC_WARN_UNDECLARED_SELECTOR = YES;
				GCC_WARN_UNINITIALIZED_AUTOS = YES_AGGRESSIVE;
				GCC_WARN_UNUSED_FUNCTION = YES;
				GCC_WARN_UNUSED_VARIABLE = YES;
				IPHONEOS_DEPLOYMENT_TARGET = 14.4;
				MTL_ENABLE_DEBUG_INFO = INCLUDE_SOURCE;
				MTL_FAST_MATH = YES;
				ONLY_ACTIVE_ARCH = YES;
				SDKROOT = iphoneos;
				SWIFT_ACTIVE_COMPILATION_CONDITIONS = DEBUG;
				SWIFT_OPTIMIZATION_LEVEL = "-Onone";
			};
			name = Debug;
		};
		93EE05FA261B569B00E36184 /* Release */ = {
			isa = XCBuildConfiguration;
			buildSettings = {
				ALWAYS_SEARCH_USER_PATHS = NO;
				CLANG_ANALYZER_NONNULL = YES;
				CLANG_ANALYZER_NUMBER_OBJECT_CONVERSION = YES_AGGRESSIVE;
				CLANG_CXX_LANGUAGE_STANDARD = "gnu++14";
				CLANG_CXX_LIBRARY = "libc++";
				CLANG_ENABLE_MODULES = YES;
				CLANG_ENABLE_OBJC_ARC = YES;
				CLANG_ENABLE_OBJC_WEAK = YES;
				CLANG_WARN_BLOCK_CAPTURE_AUTORELEASING = YES;
				CLANG_WARN_BOOL_CONVERSION = YES;
				CLANG_WARN_COMMA = YES;
				CLANG_WARN_CONSTANT_CONVERSION = YES;
				CLANG_WARN_DEPRECATED_OBJC_IMPLEMENTATIONS = YES;
				CLANG_WARN_DIRECT_OBJC_ISA_USAGE = YES_ERROR;
				CLANG_WARN_DOCUMENTATION_COMMENTS = YES;
				CLANG_WARN_EMPTY_BODY = YES;
				CLANG_WARN_ENUM_CONVERSION = YES;
				CLANG_WARN_INFINITE_RECURSION = YES;
				CLANG_WARN_INT_CONVERSION = YES;
				CLANG_WARN_NON_LITERAL_NULL_CONVERSION = YES;
				CLANG_WARN_OBJC_IMPLICIT_RETAIN_SELF = YES;
				CLANG_WARN_OBJC_LITERAL_CONVERSION = YES;
				CLANG_WARN_OBJC_ROOT_CLASS = YES_ERROR;
				CLANG_WARN_QUOTED_INCLUDE_IN_FRAMEWORK_HEADER = YES;
				CLANG_WARN_RANGE_LOOP_ANALYSIS = YES;
				CLANG_WARN_STRICT_PROTOTYPES = YES;
				CLANG_WARN_SUSPICIOUS_MOVE = YES;
				CLANG_WARN_UNGUARDED_AVAILABILITY = YES_AGGRESSIVE;
				CLANG_WARN_UNREACHABLE_CODE = YES;
				CLANG_WARN__DUPLICATE_METHOD_MATCH = YES;
				COPY_PHASE_STRIP = NO;
				DEBUG_INFORMATION_FORMAT = "dwarf-with-dsym";
				ENABLE_NS_ASSERTIONS = NO;
				ENABLE_STRICT_OBJC_MSGSEND = YES;
				GCC_C_LANGUAGE_STANDARD = gnu11;
				GCC_NO_COMMON_BLOCKS = YES;
				GCC_WARN_64_TO_32_BIT_CONVERSION = YES;
				GCC_WARN_ABOUT_RETURN_TYPE = YES_ERROR;
				GCC_WARN_UNDECLARED_SELECTOR = YES;
				GCC_WARN_UNINITIALIZED_AUTOS = YES_AGGRESSIVE;
				GCC_WARN_UNUSED_FUNCTION = YES;
				GCC_WARN_UNUSED_VARIABLE = YES;
				IPHONEOS_DEPLOYMENT_TARGET = 14.4;
				MTL_ENABLE_DEBUG_INFO = NO;
				MTL_FAST_MATH = YES;
				SDKROOT = iphoneos;
				SWIFT_COMPILATION_MODE = wholemodule;
				SWIFT_OPTIMIZATION_LEVEL = "-O";
				VALIDATE_PRODUCT = YES;
			};
			name = Release;
		};
		93EE05FC261B569B00E36184 /* Debug */ = {
			isa = XCBuildConfiguration;
			buildSettings = {
				ASSETCATALOG_COMPILER_APPICON_NAME = AppIcon;
				ASSETCATALOG_COMPILER_GLOBAL_ACCENT_COLOR_NAME = AccentColor;
				CODE_SIGN_STYLE = Automatic;
				DEVELOPMENT_ASSET_PATHS = "\"ornacompanion/Preview Content\"";
				DEVELOPMENT_TEAM = 495WHZ7U75;
				ENABLE_PREVIEWS = YES;
				INFOPLIST_FILE = ornacompanion/Shared/Info.plist;
				IPHONEOS_DEPLOYMENT_TARGET = 14.0;
				LD_RUNPATH_SEARCH_PATHS = (
					"$(inherited)",
					"@executable_path/Frameworks",
				);
				PRODUCT_BUNDLE_IDENTIFIER = nl.bryanderidder.ornacompanion;
				PRODUCT_NAME = "$(TARGET_NAME)";
				SWIFT_VERSION = 5.0;
				TARGETED_DEVICE_FAMILY = "1,2";
			};
			name = Debug;
		};
		93EE05FD261B569B00E36184 /* Release */ = {
			isa = XCBuildConfiguration;
			buildSettings = {
				ASSETCATALOG_COMPILER_APPICON_NAME = AppIcon;
				ASSETCATALOG_COMPILER_GLOBAL_ACCENT_COLOR_NAME = AccentColor;
				CODE_SIGN_STYLE = Automatic;
				DEVELOPMENT_ASSET_PATHS = "\"ornacompanion/Preview Content\"";
				DEVELOPMENT_TEAM = 495WHZ7U75;
				ENABLE_PREVIEWS = YES;
				INFOPLIST_FILE = ornacompanion/Shared/Info.plist;
				IPHONEOS_DEPLOYMENT_TARGET = 14.0;
				LD_RUNPATH_SEARCH_PATHS = (
					"$(inherited)",
					"@executable_path/Frameworks",
				);
				PRODUCT_BUNDLE_IDENTIFIER = nl.bryanderidder.ornacompanion;
				PRODUCT_NAME = "$(TARGET_NAME)";
				SWIFT_VERSION = 5.0;
				TARGETED_DEVICE_FAMILY = "1,2";
			};
			name = Release;
		};
		93EE05FF261B569B00E36184 /* Debug */ = {
			isa = XCBuildConfiguration;
			buildSettings = {
				ALWAYS_EMBED_SWIFT_STANDARD_LIBRARIES = YES;
				BUNDLE_LOADER = "$(TEST_HOST)";
				CODE_SIGN_STYLE = Automatic;
				DEVELOPMENT_TEAM = 495WHZ7U75;
				INFOPLIST_FILE = ornacompanionTests/Shared/Info.plist;
				IPHONEOS_DEPLOYMENT_TARGET = 14.0;
				LD_RUNPATH_SEARCH_PATHS = (
					"$(inherited)",
					"@executable_path/Frameworks",
					"@loader_path/Frameworks",
				);
				PRODUCT_BUNDLE_IDENTIFIER = nl.bryanderidder.ornacompanionTests;
				PRODUCT_NAME = "$(TARGET_NAME)";
				SWIFT_VERSION = 5.0;
				TARGETED_DEVICE_FAMILY = "1,2";
				TEST_HOST = "$(BUILT_PRODUCTS_DIR)/ornacompanion.app/ornacompanion";
			};
			name = Debug;
		};
		93EE0600261B569B00E36184 /* Release */ = {
			isa = XCBuildConfiguration;
			buildSettings = {
				ALWAYS_EMBED_SWIFT_STANDARD_LIBRARIES = YES;
				BUNDLE_LOADER = "$(TEST_HOST)";
				CODE_SIGN_STYLE = Automatic;
				DEVELOPMENT_TEAM = 495WHZ7U75;
				INFOPLIST_FILE = ornacompanionTests/Shared/Info.plist;
				IPHONEOS_DEPLOYMENT_TARGET = 14.0;
				LD_RUNPATH_SEARCH_PATHS = (
					"$(inherited)",
					"@executable_path/Frameworks",
					"@loader_path/Frameworks",
				);
				PRODUCT_BUNDLE_IDENTIFIER = nl.bryanderidder.ornacompanionTests;
				PRODUCT_NAME = "$(TARGET_NAME)";
				SWIFT_VERSION = 5.0;
				TARGETED_DEVICE_FAMILY = "1,2";
				TEST_HOST = "$(BUILT_PRODUCTS_DIR)/ornacompanion.app/ornacompanion";
			};
			name = Release;
		};
		93EE0602261B569B00E36184 /* Debug */ = {
			isa = XCBuildConfiguration;
			buildSettings = {
				ALWAYS_EMBED_SWIFT_STANDARD_LIBRARIES = YES;
				CODE_SIGN_STYLE = Automatic;
				DEVELOPMENT_TEAM = 495WHZ7U75;
				INFOPLIST_FILE = ornacompanionUITests/Shared/Info.plist;
				LD_RUNPATH_SEARCH_PATHS = (
					"$(inherited)",
					"@executable_path/Frameworks",
					"@loader_path/Frameworks",
				);
				PRODUCT_BUNDLE_IDENTIFIER = nl.bryanderidder.ornacompanionUITests;
				PRODUCT_NAME = "$(TARGET_NAME)";
				SWIFT_VERSION = 5.0;
				TARGETED_DEVICE_FAMILY = "1,2";
				TEST_TARGET_NAME = ornacompanion;
			};
			name = Debug;
		};
		93EE0603261B569B00E36184 /* Release */ = {
			isa = XCBuildConfiguration;
			buildSettings = {
				ALWAYS_EMBED_SWIFT_STANDARD_LIBRARIES = YES;
				CODE_SIGN_STYLE = Automatic;
				DEVELOPMENT_TEAM = 495WHZ7U75;
				INFOPLIST_FILE = ornacompanionUITests/Shared/Info.plist;
				LD_RUNPATH_SEARCH_PATHS = (
					"$(inherited)",
					"@executable_path/Frameworks",
					"@loader_path/Frameworks",
				);
				PRODUCT_BUNDLE_IDENTIFIER = nl.bryanderidder.ornacompanionUITests;
				PRODUCT_NAME = "$(TARGET_NAME)";
				SWIFT_VERSION = 5.0;
				TARGETED_DEVICE_FAMILY = "1,2";
				TEST_TARGET_NAME = ornacompanion;
			};
			name = Release;
		};
/* End XCBuildConfiguration section */

/* Begin XCConfigurationList section */
		93EE05D1261B569900E36184 /* Build configuration list for PBXProject "ornacompanion" */ = {
			isa = XCConfigurationList;
			buildConfigurations = (
				93EE05F9261B569B00E36184 /* Debug */,
				93EE05FA261B569B00E36184 /* Release */,
			);
			defaultConfigurationIsVisible = 0;
			defaultConfigurationName = Release;
		};
		93EE05FB261B569B00E36184 /* Build configuration list for PBXNativeTarget "ornacompanion" */ = {
			isa = XCConfigurationList;
			buildConfigurations = (
				93EE05FC261B569B00E36184 /* Debug */,
				93EE05FD261B569B00E36184 /* Release */,
			);
			defaultConfigurationIsVisible = 0;
			defaultConfigurationName = Release;
		};
		93EE05FE261B569B00E36184 /* Build configuration list for PBXNativeTarget "ornacompanionTests" */ = {
			isa = XCConfigurationList;
			buildConfigurations = (
				93EE05FF261B569B00E36184 /* Debug */,
				93EE0600261B569B00E36184 /* Release */,
			);
			defaultConfigurationIsVisible = 0;
			defaultConfigurationName = Release;
		};
		93EE0601261B569B00E36184 /* Build configuration list for PBXNativeTarget "ornacompanionUITests" */ = {
			isa = XCConfigurationList;
			buildConfigurations = (
				93EE0602261B569B00E36184 /* Debug */,
				93EE0603261B569B00E36184 /* Release */,
			);
			defaultConfigurationIsVisible = 0;
			defaultConfigurationName = Release;
		};
/* End XCConfigurationList section */

/* Begin XCRemoteSwiftPackageReference section */
		93D3B17B26236D01002F9935 /* XCRemoteSwiftPackageReference "WrappingHStack" */ = {
			isa = XCRemoteSwiftPackageReference;
			repositoryURL = "https://github.com/dkk/WrappingHStack";
			requirement = {
				kind = upToNextMajorVersion;
				minimumVersion = 2.0.0;
			};
		};
/* End XCRemoteSwiftPackageReference section */

/* Begin XCSwiftPackageProductDependency section */
		93D3B17C26236D01002F9935 /* WrappingHStack */ = {
			isa = XCSwiftPackageProductDependency;
			package = 93D3B17B26236D01002F9935 /* XCRemoteSwiftPackageReference "WrappingHStack" */;
			productName = WrappingHStack;
		};
/* End XCSwiftPackageProductDependency section */
	};
	rootObject = 93EE05CE261B569900E36184 /* Project object */;
}
